{
  "lockfileVersion": 1,
  "configVersion": 1,
  "workspaces": {
    "": {
      "name": "stock-ai-webui",
      "dependencies": {
        "echarts": "^5.5",
      },
    },
  },
  "packages": {
    "echarts": ["echarts@5.6.0", "", { "dependencies": { "tslib": "2.3.0", "zrender": "5.6.1" } }, "sha512-oTbVTsXfKuEhxftHqL5xprgLoc0k7uScAwtryCgWF6hPYFLRwOUHiFmHGCBKP5NPFNkDVopOieyUqYGH8Fa3kA=="],

    "tslib": ["tslib@2.3.0", "", {}, "sha512-N82ooyxVNm6h1riLCoyS9e3fuJ3AMG2zIZs2Gd1ATcSFjSA23Q0fzjjZeh0jbJvWVDZ0cJT8yaNNaaXHzueNjg=="],

    "zrender": ["zrender@5.6.1", "", { "dependencies": { "tslib": "2.3.0" } }, "sha512-OFXkDJKcrlx5su2XbzJvj/34Q3m6PvyCZkVPHGYpcCJ52ek4U/ymZyfuV1nKE23AyBJ51E/6Yr0mhZ7xGTO4ag=="],
  }
}
